
Microsoft Visual Studio Solution File, Format Version 12.00
# Visual Studio Version 17
VisualStudioVersion = 17.6.33723.286
MinimumVisualStudioVersion = 10.0.40219.1
Project("{FAE04EC0-301F-11D3-BF4B-00C04F79EFBC}") = "FluorecerApp_Client", "FluorecerApp_Client\FluorecerApp_Client.csproj", "{73195AB5-F4DB-4F63-A6B7-CE2EB265BA6D}"
EndProject
Global
	GlobalSection(SolutionConfigurationPlatforms) = preSolution
		Debug|Any CPU = Debug|Any CPU
		Release|Any CPU = Release|Any CPU
	EndGlobalSection
	GlobalSection(ProjectConfigurationPlatforms) = postSolution
		{73195AB5-F4DB-4F63-A6B7-CE2EB265BA6D}.Debug|Any CPU.ActiveCfg = Debug|Any CPU
		{73195AB5-F4DB-4F63-A6B7-CE2EB265BA6D}.Debug|Any CPU.Build.0 = Debug|Any CPU
		{73195AB5-F4DB-4F63-A6B7-CE2EB265BA6D}.Release|Any CPU.ActiveCfg = Release|Any CPU
		{73195AB5-F4DB-4F63-A6B7-CE2EB265BA6D}.Release|Any CPU.Build.0 = Release|Any CPU
	EndGlobalSection
	GlobalSection(SolutionProperties) = preSolution
		HideSolutionNode = FALSE
	EndGlobalSection
	GlobalSection(ExtensibilityGlobals) = postSolution
		SolutionGuid = {08E242DD-0DD3-4867-BC08-AA35109A42C1}
	EndGlobalSection
EndGlobal
